
Microsoft Visual Studio Solution File, Format Version 12.00
# Visual Studio Version 16
VisualStudioVersion = 16.0.31702.278
MinimumVisualStudioVersion = 10.0.40219.1
Project("{FAE04EC0-301F-11D3-BF4B-00C04F79EFBC}") = "WorkApp.UWP", "WorkApp\WorkApp.UWP\WorkApp.UWP.csproj", "{CAA511AC-93A8-419A-B225-AEDCABBF5DCF}"
EndProject
Project("{FAE04EC0-301F-11D3-BF4B-00C04F79EFBC}") = "WorkApp.Android", "WorkApp\WorkApp.Android\WorkApp.Android.csproj", "{F810505B-6C41-481C-874A-B5AFEA742003}"
EndProject
Project("{FAE04EC0-301F-11D3-BF4B-00C04F79EFBC}") = "WorkApp.iOS", "WorkApp\WorkApp.iOS\WorkApp.iOS.csproj", "{CE764221-CBF5-4DFA-866E-3FDC60BB25B8}"
EndProject
Project("{FAE04EC0-301F-11D3-BF4B-00C04F79EFBC}") = "WorkApp", "WorkApp\WorkApp\WorkApp.csproj", "{1C9D5885-117E-468E-82C2-DE2583AA9746}"
EndProject
Global
	GlobalSection(SolutionConfigurationPlatforms) = preSolution
		Debug|Any CPU = Debug|Any CPU
		Debug|ARM = Debug|ARM
		Debug|iPhone = Debug|iPhone
		Debug|iPhoneSimulator = Debug|iPhoneSimulator
		Debug|x64 = Debug|x64
		Debug|x86 = Debug|x86
		Release|Any CPU = Release|Any CPU
		Release|ARM = Release|ARM
		Release|iPhone = Release|iPhone
		Release|iPhoneSimulator = Release|iPhoneSimulator
		Release|x64 = Release|x64
		Release|x86 = Release|x86
	EndGlobalSection
	GlobalSection(ProjectConfigurationPlatforms) = postSolution
		{CAA511AC-93A8-419A-B225-AEDCABBF5DCF}.Debug|Any CPU.ActiveCfg = Debug|x86
		{CAA511AC-93A8-419A-B225-AEDCABBF5DCF}.Debug|Any CPU.Build.0 = Debug|x86
		{CAA511AC-93A8-419A-B225-AEDCABBF5DCF}.Debug|Any CPU.Deploy.0 = Debug|x86
		{CAA511AC-93A8-419A-B225-AEDCABBF5DCF}.Debug|ARM.ActiveCfg = Debug|ARM
		{CAA511AC-93A8-419A-B225-AEDCABBF5DCF}.Debug|ARM.Build.0 = Debug|ARM
		{CAA511AC-93A8-419A-B225-AEDCABBF5DCF}.Debug|ARM.Deploy.0 = Debug|ARM
		{CAA511AC-93A8-419A-B225-AEDCABBF5DCF}.Debug|iPhone.ActiveCfg = Debug|x86
		{CAA511AC-93A8-419A-B225-AEDCABBF5DCF}.Debug|iPhone.Build.0 = Debug|x86
		{CAA511AC-93A8-419A-B225-AEDCABBF5DCF}.Debug|iPhone.Deploy.0 = Debug|x86
		{CAA511AC-93A8-419A-B225-AEDCABBF5DCF}.Debug|iPhoneSimulator.ActiveCfg = Debug|x86
		{CAA511AC-93A8-419A-B225-AEDCABBF5DCF}.Debug|iPhoneSimulator.Build.0 = Debug|x86
		{CAA511AC-93A8-419A-B225-AEDCABBF5DCF}.Debug|iPhoneSimulator.Deploy.0 = Debug|x86
		{CAA511AC-93A8-419A-B225-AEDCABBF5DCF}.Debug|x64.ActiveCfg = Debug|x64
		{CAA511AC-93A8-419A-B225-AEDCABBF5DCF}.Debug|x64.Build.0 = Debug|x64
		{CAA511AC-93A8-419A-B225-AEDCABBF5DCF}.Debug|x64.Deploy.0 = Debug|x64
		{CAA511AC-93A8-419A-B225-AEDCABBF5DCF}.Debug|x86.ActiveCfg = Debug|x86
		{CAA511AC-93A8-419A-B225-AEDCABBF5DCF}.Debug|x86.Build.0 = Debug|x86
		{CAA511AC-93A8-419A-B225-AEDCABBF5DCF}.Debug|x86.Deploy.0 = Debug|x86
		{CAA511AC-93A8-419A-B225-AEDCABBF5DCF}.Release|Any CPU.ActiveCfg = Release|x86
		{CAA511AC-93A8-419A-B225-AEDCABBF5DCF}.Release|Any CPU.Build.0 = Release|x86
		{CAA511AC-93A8-419A-B225-AEDCABBF5DCF}.Release|Any CPU.Deploy.0 = Release|x86
		{CAA511AC-93A8-419A-B225-AEDCABBF5DCF}.Release|ARM.ActiveCfg = Release|ARM
		{CAA511AC-93A8-419A-B225-AEDCABBF5DCF}.Release|ARM.Build.0 = Release|ARM
		{CAA511AC-93A8-419A-B225-AEDCABBF5DCF}.Release|ARM.Deploy.0 = Release|ARM
		{CAA511AC-93A8-419A-B225-AEDCABBF5DCF}.Release|iPhone.ActiveCfg = Release|x86
		{CAA511AC-93A8-419A-B225-AEDCABBF5DCF}.Release|iPhone.Build.0 = Release|x86
		{CAA511AC-93A8-419A-B225-AEDCABBF5DCF}.Release|iPhone.Deploy.0 = Release|x86
		{CAA511AC-93A8-419A-B225-AEDCABBF5DCF}.Release|iPhoneSimulator.ActiveCfg = Release|x86
		{CAA511AC-93A8-419A-B225-AEDCABBF5DCF}.Release|iPhoneSimulator.Build.0 = Release|x86
		{CAA511AC-93A8-419A-B225-AEDCABBF5DCF}.Release|iPhoneSimulator.Deploy.0 = Release|x86
		{CAA511AC-93A8-419A-B225-AEDCABBF5DCF}.Release|x64.ActiveCfg = Release|x64
		{CAA511AC-93A8-419A-B225-AEDCABBF5DCF}.Release|x64.Build.0 = Release|x64
		{CAA511AC-93A8-419A-B225-AEDCABBF5DCF}.Release|x64.Deploy.0 = Release|x64
		{CAA511AC-93A8-419A-B225-AEDCABBF5DCF}.Release|x86.ActiveCfg = Release|x86
		{CAA511AC-93A8-419A-B225-AEDCABBF5DCF}.Release|x86.Build.0 = Release|x86
		{CAA511AC-93A8-419A-B225-AEDCABBF5DCF}.Release|x86.Deploy.0 = Release|x86
		{F810505B-6C41-481C-874A-B5AFEA742003}.Debug|Any CPU.ActiveCfg = Debug|Any CPU
		{F810505B-6C41-481C-874A-B5AFEA742003}.Debug|Any CPU.Build.0 = Debug|Any CPU
		{F810505B-6C41-481C-874A-B5AFEA742003}.Debug|Any CPU.Deploy.0 = Debug|Any CPU
		{F810505B-6C41-481C-874A-B5AFEA742003}.Debug|ARM.ActiveCfg = Debug|Any CPU
		{F810505B-6C41-481C-874A-B5AFEA742003}.Debug|ARM.Build.0 = Debug|Any CPU
		{F810505B-6C41-481C-874A-B5AFEA742003}.Debug|ARM.Deploy.0 = Debug|Any CPU
		{F810505B-6C41-481C-874A-B5AFEA742003}.Debug|iPhone.ActiveCfg = Debug|Any CPU
		{F810505B-6C41-481C-874A-B5AFEA742003}.Debug|iPhone.Build.0 = Debug|Any CPU
		{F810505B-6C41-481C-874A-B5AFEA742003}.Debug|iPhone.Deploy.0 = Debug|Any CPU
		{F810505B-6C41-481C-874A-B5AFEA742003}.Debug|iPhoneSimulator.ActiveCfg = Debug|Any CPU
		{F810505B-6C41-481C-874A-B5AFEA742003}.Debug|iPhoneSimulator.Build.0 = Debug|Any CPU
		{F810505B-6C41-481C-874A-B5AFEA742003}.Debug|iPhoneSimulator.Deploy.0 = Debug|Any CPU
		{F810505B-6C41-481C-874A-B5AFEA742003}.Debug|x64.ActiveCfg = Debug|Any CPU
		{F810505B-6C41-481C-874A-B5AFEA742003}.Debug|x64.Build.0 = Debug|Any CPU
		{F810505B-6C41-481C-874A-B5AFEA742003}.Debug|x64.Deploy.0 = Debug|Any CPU
		{F810505B-6C41-481C-874A-B5AFEA742003}.Debug|x86.ActiveCfg = Debug|Any CPU
		{F810505B-6C41-481C-874A-B5AFEA742003}.Debug|x86.Build.0 = Debug|Any CPU
		{F810505B-6C41-481C-874A-B5AFEA742003}.Debug|x86.Deploy.0 = Debug|Any CPU
		{F810505B-6C41-481C-874A-B5AFEA742003}.Release|Any CPU.ActiveCfg = Release|Any CPU
		{F810505B-6C41-481C-874A-B5AFEA742003}.Release|Any CPU.Build.0 = Release|Any CPU
		{F810505B-6C41-481C-874A-B5AFEA742003}.Release|Any CPU.Deploy.0 = Release|Any CPU
		{F810505B-6C41-481C-874A-B5AFEA742003}.Release|ARM.ActiveCfg = Release|Any CPU
		{F810505B-6C41-481C-874A-B5AFEA742003}.Release|ARM.Build.0 = Release|Any CPU
		{F810505B-6C41-481C-874A-B5AFEA742003}.Release|ARM.Deploy.0 = Release|Any CPU
		{F810505B-6C41-481C-874A-B5AFEA742003}.Release|iPhone.ActiveCfg = Release|Any CPU
		{F810505B-6C41-481C-874A-B5AFEA742003}.Release|iPhone.Build.0 = Release|Any CPU
		{F810505B-6C41-481C-874A-B5AFEA742003}.Release|iPhone.Deploy.0 = Release|Any CPU
		{F810505B-6C41-481C-874A-B5AFEA742003}.Release|iPhoneSimulator.ActiveCfg = Release|Any CPU
		{F810505B-6C41-481C-874A-B5AFEA742003}.Release|iPhoneSimulator.Build.0 = Release|Any CPU
		{F810505B-6C41-481C-874A-B5AFEA742003}.Release|iPhoneSimulator.Deploy.0 = Release|Any CPU
		{F810505B-6C41-481C-874A-B5AFEA742003}.Release|x64.ActiveCfg = Release|Any CPU
		{F810505B-6C41-481C-874A-B5AFEA742003}.Release|x64.Build.0 = Release|Any CPU
		{F810505B-6C41-481C-874A-B5AFEA742003}.Release|x64.Deploy.0 = Release|Any CPU
		{F810505B-6C41-481C-874A-B5AFEA742003}.Release|x86.ActiveCfg = Release|Any CPU
		{F810505B-6C41-481C-874A-B5AFEA742003}.Release|x86.Build.0 = Release|Any CPU
		{F810505B-6C41-481C-874A-B5AFEA742003}.Release|x86.Deploy.0 = Release|Any CPU
		{CE764221-CBF5-4DFA-866E-3FDC60BB25B8}.Debug|Any CPU.ActiveCfg = Debug|iPhoneSimulator
		{CE764221-CBF5-4DFA-866E-3FDC60BB25B8}.Debug|Any CPU.Build.0 = Debug|iPhoneSimulator
		{CE764221-CBF5-4DFA-866E-3FDC60BB25B8}.Debug|Any CPU.Deploy.0 = Debug|iPhoneSimulator
		{CE764221-CBF5-4DFA-866E-3FDC60BB25B8}.Debug|ARM.ActiveCfg = Debug|iPhone
		{CE764221-CBF5-4DFA-866E-3FDC60BB25B8}.Debug|ARM.Build.0 = Debug|iPhone
		{CE764221-CBF5-4DFA-866E-3FDC60BB25B8}.Debug|ARM.Deploy.0 = Debug|iPhone
		{CE764221-CBF5-4DFA-866E-3FDC60BB25B8}.Debug|iPhone.ActiveCfg = Debug|iPhone
		{CE764221-CBF5-4DFA-866E-3FDC60BB25B8}.Debug|iPhone.Build.0 = Debug|iPhone
		{CE764221-CBF5-4DFA-866E-3FDC60BB25B8}.Debug|iPhone.Deploy.0 = Debug|iPhone
		{CE764221-CBF5-4DFA-866E-3FDC60BB25B8}.Debug|iPhoneSimulator.ActiveCfg = Debug|iPhoneSimulator
		{CE764221-CBF5-4DFA-866E-3FDC60BB25B8}.Debug|iPhoneSimulator.Build.0 = Debug|iPhoneSimulator
		{CE764221-CBF5-4DFA-866E-3FDC60BB25B8}.Debug|iPhoneSimulator.Deploy.0 = Debug|iPhoneSimulator
		{CE764221-CBF5-4DFA-866E-3FDC60BB25B8}.Debug|x64.ActiveCfg = Debug|iPhoneSimulator
		{CE764221-CBF5-4DFA-866E-3FDC60BB25B8}.Debug|x64.Build.0 = Debug|iPhoneSimulator
		{CE764221-CBF5-4DFA-866E-3FDC60BB25B8}.Debug|x64.Deploy.0 = Debug|iPhoneSimulator
		{CE764221-CBF5-4DFA-866E-3FDC60BB25B8}.Debug|x86.ActiveCfg = Debug|iPhoneSimulator
		{CE764221-CBF5-4DFA-866E-3FDC60BB25B8}.Debug|x86.Build.0 = Debug|iPhoneSimulator
		{CE764221-CBF5-4DFA-866E-3FDC60BB25B8}.Debug|x86.Deploy.0 = Debug|iPhoneSimulator
		{CE764221-CBF5-4DFA-866E-3FDC60BB25B8}.Release|Any CPU.ActiveCfg = Release|iPhoneSimulator
		{CE764221-CBF5-4DFA-866E-3FDC60BB25B8}.Release|Any CPU.Build.0 = Release|iPhoneSimulator
		{CE764221-CBF5-4DFA-866E-3FDC60BB25B8}.Release|Any CPU.Deploy.0 = Release|iPhoneSimulator
		{CE764221-CBF5-4DFA-866E-3FDC60BB25B8}.Release|ARM.ActiveCfg = Release|iPhoneSimulator
		{CE764221-CBF5-4DFA-866E-3FDC60BB25B8}.Release|ARM.Build.0 = Release|iPhoneSimulator
		{CE764221-CBF5-4DFA-866E-3FDC60BB25B8}.Release|ARM.Deploy.0 = Release|iPhoneSimulator
		{CE764221-CBF5-4DFA-866E-3FDC60BB25B8}.Release|iPhone.ActiveCfg = Release|iPhone
		{CE764221-CBF5-4DFA-866E-3FDC60BB25B8}.Release|iPhone.Build.0 = Release|iPhone
		{CE764221-CBF5-4DFA-866E-3FDC60BB25B8}.Release|iPhone.Deploy.0 = Release|iPhone
		{CE764221-CBF5-4DFA-866E-3FDC60BB25B8}.Release|iPhoneSimulator.ActiveCfg = Release|iPhoneSimulator
		{CE764221-CBF5-4DFA-866E-3FDC60BB25B8}.Release|iPhoneSimulator.Build.0 = Release|iPhoneSimulator
		{CE764221-CBF5-4DFA-866E-3FDC60BB25B8}.Release|iPhoneSimulator.Deploy.0 = Release|iPhoneSimulator
		{CE764221-CBF5-4DFA-866E-3FDC60BB25B8}.Release|x64.ActiveCfg = Release|iPhoneSimulator
		{CE764221-CBF5-4DFA-866E-3FDC60BB25B8}.Release|x64.Build.0 = Release|iPhoneSimulator
		{CE764221-CBF5-4DFA-866E-3FDC60BB25B8}.Release|x64.Deploy.0 = Release|iPhoneSimulator
		{CE764221-CBF5-4DFA-866E-3FDC60BB25B8}.Release|x86.ActiveCfg = Release|iPhoneSimulator
		{CE764221-CBF5-4DFA-866E-3FDC60BB25B8}.Release|x86.Build.0 = Release|iPhoneSimulator
		{CE764221-CBF5-4DFA-866E-3FDC60BB25B8}.Release|x86.Deploy.0 = Release|iPhoneSimulator
		{1C9D5885-117E-468E-82C2-DE2583AA9746}.Debug|Any CPU.ActiveCfg = Debug|Any CPU
		{1C9D5885-117E-468E-82C2-DE2583AA9746}.Debug|Any CPU.Build.0 = Debug|Any CPU
		{1C9D5885-117E-468E-82C2-DE2583AA9746}.Debug|Any CPU.Deploy.0 = Debug|Any CPU
		{1C9D5885-117E-468E-82C2-DE2583AA9746}.Debug|ARM.ActiveCfg = Debug|Any CPU
		{1C9D5885-117E-468E-82C2-DE2583AA9746}.Debug|ARM.Build.0 = Debug|Any CPU
		{1C9D5885-117E-468E-82C2-DE2583AA9746}.Debug|ARM.Deploy.0 = Debug|Any CPU
		{1C9D5885-117E-468E-82C2-DE2583AA9746}.Debug|iPhone.ActiveCfg = Debug|Any CPU
		{1C9D5885-117E-468E-82C2-DE2583AA9746}.Debug|iPhone.Build.0 = Debug|Any CPU
		{1C9D5885-117E-468E-82C2-DE2583AA9746}.Debug|iPhone.Deploy.0 = Debug|Any CPU
		{1C9D5885-117E-468E-82C2-DE2583AA9746}.Debug|iPhoneSimulator.ActiveCfg = Debug|Any CPU
		{1C9D5885-117E-468E-82C2-DE2583AA9746}.Debug|iPhoneSimulator.Build.0 = Debug|Any CPU
		{1C9D5885-117E-468E-82C2-DE2583AA9746}.Debug|iPhoneSimulator.Deploy.0 = Debug|Any CPU
		{1C9D5885-117E-468E-82C2-DE2583AA9746}.Debug|x64.ActiveCfg = Debug|Any CPU
		{1C9D5885-117E-468E-82C2-DE2583AA9746}.Debug|x64.Build.0 = Debug|Any CPU
		{1C9D5885-117E-468E-82C2-DE2583AA9746}.Debug|x64.Deploy.0 = Debug|Any CPU
		{1C9D5885-117E-468E-82C2-DE2583AA9746}.Debug|x86.ActiveCfg = Debug|Any CPU
		{1C9D5885-117E-468E-82C2-DE2583AA9746}.Debug|x86.Build.0 = Debug|Any CPU
		{1C9D5885-117E-468E-82C2-DE2583AA9746}.Debug|x86.Deploy.0 = Debug|Any CPU
		{1C9D5885-117E-468E-82C2-DE2583AA9746}.Release|Any CPU.ActiveCfg = Release|Any CPU
		{1C9D5885-117E-468E-82C2-DE2583AA9746}.Release|Any CPU.Build.0 = Release|Any CPU
		{1C9D5885-117E-468E-82C2-DE2583AA9746}.Release|Any CPU.Deploy.0 = Release|Any CPU
		{1C9D5885-117E-468E-82C2-DE2583AA9746}.Release|ARM.ActiveCfg = Release|Any CPU
		{1C9D5885-117E-468E-82C2-DE2583AA9746}.Release|ARM.Build.0 = Release|Any CPU
		{1C9D5885-117E-468E-82C2-DE2583AA9746}.Release|ARM.Deploy.0 = Release|Any CPU
		{1C9D5885-117E-468E-82C2-DE2583AA9746}.Release|iPhone.ActiveCfg = Release|Any CPU
		{1C9D5885-117E-468E-82C2-DE2583AA9746}.Release|iPhone.Build.0 = Release|Any CPU
		{1C9D5885-117E-468E-82C2-DE2583AA9746}.Release|iPhone.Deploy.0 = Release|Any CPU
		{1C9D5885-117E-468E-82C2-DE2583AA9746}.Release|iPhoneSimulator.ActiveCfg = Release|Any CPU
		{1C9D5885-117E-468E-82C2-DE2583AA9746}.Release|iPhoneSimulator.Build.0 = Release|Any CPU
		{1C9D5885-117E-468E-82C2-DE2583AA9746}.Release|iPhoneSimulator.Deploy.0 = Release|Any CPU
		{1C9D5885-117E-468E-82C2-DE2583AA9746}.Release|x64.ActiveCfg = Release|Any CPU
		{1C9D5885-117E-468E-82C2-DE2583AA9746}.Release|x64.Build.0 = Release|Any CPU
		{1C9D5885-117E-468E-82C2-DE2583AA9746}.Release|x64.Deploy.0 = Release|Any CPU
		{1C9D5885-117E-468E-82C2-DE2583AA9746}.Release|x86.ActiveCfg = Release|Any CPU
		{1C9D5885-117E-468E-82C2-DE2583AA9746}.Release|x86.Build.0 = Release|Any CPU
		{1C9D5885-117E-468E-82C2-DE2583AA9746}.Release|x86.Deploy.0 = Release|Any CPU
	EndGlobalSection
	GlobalSection(SolutionProperties) = preSolution
		HideSolutionNode = FALSE
	EndGlobalSection
	GlobalSection(ExtensibilityGlobals) = postSolution
		SolutionGuid = {FD86904F-81BD-4D32-B914-6A920ACC74C1}
	EndGlobalSection
EndGlobal
